
Microsoft Visual Studio Solution File, Format Version 12.00
# Visual Studio Version 17
VisualStudioVersion = 17.2.32526.322
MinimumVisualStudioVersion = 10.0.40219.1
Project("{FAE04EC0-301F-11D3-BF4B-00C04F79EFBC}") = "Fibers", "Fibers\Fibers.csproj", "{2956F07A-A480-4FD3-A5E9-A32C0594F795}"
EndProject
Project("{FAE04EC0-301F-11D3-BF4B-00C04F79EFBC}") = "Fibers_Tests", "Fibers_Tests\Fibers_Tests.csproj", "{8A1EF4B8-E9CD-4880-A105-929F820A1A40}"
EndProject
Global
	GlobalSection(SolutionConfigurationPlatforms) = preSolution
		Debug|Any CPU = Debug|Any CPU
		Release|Any CPU = Release|Any CPU
	EndGlobalSection
	GlobalSection(ProjectConfigurationPlatforms) = postSolution
		{2956F07A-A480-4FD3-A5E9-A32C0594F795}.Debug|Any CPU.ActiveCfg = Debug|Any CPU
		{2956F07A-A480-4FD3-A5E9-A32C0594F795}.Debug|Any CPU.Build.0 = Debug|Any CPU
		{2956F07A-A480-4FD3-A5E9-A32C0594F795}.Release|Any CPU.ActiveCfg = Release|Any CPU
		{2956F07A-A480-4FD3-A5E9-A32C0594F795}.Release|Any CPU.Build.0 = Release|Any CPU
		{8A1EF4B8-E9CD-4880-A105-929F820A1A40}.Debug|Any CPU.ActiveCfg = Debug|Any CPU
		{8A1EF4B8-E9CD-4880-A105-929F820A1A40}.Debug|Any CPU.Build.0 = Debug|Any CPU
		{8A1EF4B8-E9CD-4880-A105-929F820A1A40}.Release|Any CPU.ActiveCfg = Release|Any CPU
		{8A1EF4B8-E9CD-4880-A105-929F820A1A40}.Release|Any CPU.Build.0 = Release|Any CPU
	EndGlobalSection
	GlobalSection(SolutionProperties) = preSolution
		HideSolutionNode = FALSE
	EndGlobalSection
	GlobalSection(ExtensibilityGlobals) = postSolution
		SolutionGuid = {B013E161-2FA8-45B7-AB85-268D11F927D4}
	EndGlobalSection
EndGlobal
